lockfileVersion: '9.0'

settings:
  autoInstallPeers: true
  excludeLinksFromLockfile: false

importers:

  .:
    devDependencies:
      typescript:
        specifier: ^6.0.3
        version: 6.0.3

  packages/kernel/core: {}

  packages/kernel/dict: {}

  packages/kernel/dim: {}

  packages/kernel/types:
    dependencies:
      '@unitra/dict':
        specifier: workspace:*
        version: link:../dict

  packages/plugin/prefix/si:
    dependencies:
      '@unitra/core':
        specifier: workspace:*
        version: link:../../../kernel/core
      '@unitra/dict':
        specifier: workspace:*
        version: link:../../../kernel/dict
      '@unitra/types':
        specifier: workspace:*
        version: link:../../../kernel/types

  packages/plugin/quantity/base:
    dependencies:
      '@unitra/dict':
        specifier: workspace:*
        version: link:../../../kernel/dict
      '@unitra/dim':
        specifier: workspace:*
        version: link:../../../kernel/dim
      '@unitra/types':
        specifier: workspace:*
        version: link:../../../kernel/types

  packages/plugin/unit/si/base:
    dependencies:
      '@unitra/dict':
        specifier: workspace:*
        version: link:../../../../kernel/dict
      '@unitra/dim':
        specifier: workspace:*
        version: link:../../../../kernel/dim
      '@unitra/plugin-quantity-base':
        specifier: workspace:*
        version: link:../../../quantity/base
      '@unitra/types':
        specifier: workspace:*
        version: link:../../../../kernel/types

packages:

  typescript@6.0.3:
    resolution: {integrity: sha512-y2TvuxSZPDyQakkFRPZHKFm+KKVqIisdg9/CZwm9ftvKXLP8NRWj38/ODjNbr43SsoXqNuAisEf1GdCxqWcdBw==}
    engines: {node: '>=14.17'}
    hasBin: true

snapshots:

  typescript@6.0.3: {}
