lockfileVersion: '9.0'

settings:
  autoInstallPeers: true
  excludeLinksFromLockfile: false

importers:

  .:
    devDependencies:
      typescript:
        specifier: ^6.0.3
        version: 6.0.3

  packages/core: {}

  packages/dict: {}

  packages/dim: {}

  packages/plugin/prefix/si:
    dependencies:
      '@unitra/core':
        specifier: workspace:*
        version: link:../../../core
      '@unitra/dict':
        specifier: workspace:*
        version: link:../../../dict
      '@unitra/types':
        specifier: workspace:*
        version: link:../../../types

  packages/plugin/quantity/base:
    dependencies:
      '@unitra/dict':
        specifier: workspace:*
        version: link:../../../dict
      '@unitra/dim':
        specifier: workspace:*
        version: link:../../../dim
      '@unitra/types':
        specifier: workspace:*
        version: link:../../../types

  packages/plugin/unit/si-base:
    dependencies:
      '@unitra/dict':
        specifier: workspace:*
        version: link:../../../dict
      '@unitra/dim':
        specifier: workspace:*
        version: link:../../../dim
      '@unitra/plugin-quantity-base':
        specifier: workspace:*
        version: link:../../quantity/base
      '@unitra/types':
        specifier: workspace:*
        version: link:../../../types

  packages/types:
    dependencies:
      '@unitra/dict':
        specifier: workspace:*
        version: link:../dict

packages:

  typescript@6.0.3:
    resolution: {integrity: sha512-y2TvuxSZPDyQakkFRPZHKFm+KKVqIisdg9/CZwm9ftvKXLP8NRWj38/ODjNbr43SsoXqNuAisEf1GdCxqWcdBw==}
    engines: {node: '>=14.17'}
    hasBin: true

snapshots:

  typescript@6.0.3: {}
